
Microsoft Visual Studio Solution File, Format Version 12.00
# Visual Studio Version 17
VisualStudioVersion = 17.2.32630.192
MinimumVisualStudioVersion = 10.0.40219.1
Project("{FAE04EC0-301F-11D3-BF4B-00C04F79EFBC}") = "Database Loader By Shokoloko", "Database Loader By Shokoloko\Database Loader By Shokoloko.csproj", "{AC75D6A4-26A0-415B-8C36-C9F4611A5532}"
EndProject
Global
	GlobalSection(SolutionConfigurationPlatforms) = preSolution
		Debug|Any CPU = Debug|Any CPU
		Release|Any CPU = Release|Any CPU
	EndGlobalSection
	GlobalSection(ProjectConfigurationPlatforms) = postSolution
		{AC75D6A4-26A0-415B-8C36-C9F4611A5532}.Debug|Any CPU.ActiveCfg = Debug|Any CPU
		{AC75D6A4-26A0-415B-8C36-C9F4611A5532}.Debug|Any CPU.Build.0 = Debug|Any CPU
		{AC75D6A4-26A0-415B-8C36-C9F4611A5532}.Release|Any CPU.ActiveCfg = Release|Any CPU
		{AC75D6A4-26A0-415B-8C36-C9F4611A5532}.Release|Any CPU.Build.0 = Release|Any CPU
	EndGlobalSection
	GlobalSection(SolutionProperties) = preSolution
		HideSolutionNode = FALSE
	EndGlobalSection
	GlobalSection(ExtensibilityGlobals) = postSolution
		SolutionGuid = {B32B1333-7A42-4597-B97E-061ADEA91BAD}
	EndGlobalSection
EndGlobal
